
Microsoft Visual Studio Solution File, Format Version 12.00
# Visual Studio Version 16
VisualStudioVersion = 16.0.31911.196
MinimumVisualStudioVersion = 10.0.40219.1
Project("{FAE04EC0-301F-11D3-BF4B-00C04F79EFBC}") = "WebApp", "WebApp\WebApp.csproj", "{79C2356E-E9EA-4D04-BCDD-090D8D4FD873}"
EndProject
Global
	GlobalSection(SolutionConfigurationPlatforms) = preSolution
		Debug|Any CPU = Debug|Any CPU
		Release|Any CPU = Release|Any CPU
	EndGlobalSection
	GlobalSection(ProjectConfigurationPlatforms) = postSolution
		{79C2356E-E9EA-4D04-BCDD-090D8D4FD873}.Debug|Any CPU.ActiveCfg = Debug|Any CPU
		{79C2356E-E9EA-4D04-BCDD-090D8D4FD873}.Debug|Any CPU.Build.0 = Debug|Any CPU
		{79C2356E-E9EA-4D04-BCDD-090D8D4FD873}.Release|Any CPU.ActiveCfg = Release|Any CPU
		{79C2356E-E9EA-4D04-BCDD-090D8D4FD873}.Release|Any CPU.Build.0 = Release|Any CPU
	EndGlobalSection
	GlobalSection(SolutionProperties) = preSolution
		HideSolutionNode = FALSE
	EndGlobalSection
	GlobalSection(ExtensibilityGlobals) = postSolution
		SolutionGuid = {04283D77-A4B4-4CC3-B1A9-A279E258646A}
	EndGlobalSection
EndGlobal
