
Microsoft Visual Studio Solution File, Format Version 12.00
# Visual Studio Version 16
VisualStudioVersion = 16.0.31829.152
MinimumVisualStudioVersion = 10.0.40219.1
Project("{9A19103F-16F7-4668-BE54-9A1E7A4F7556}") = "Fundamentos", "Fundamentos.csproj", "{848E9014-A1B4-40CD-B64A-E6DDB9099D0E}"
EndProject
Project("{9A19103F-16F7-4668-BE54-9A1E7A4F7556}") = "Maior", "Maior.csproj", "{8214C53F-628D-4DB5-A02E-ACCCB85B2911}"
EndProject
Project("{9A19103F-16F7-4668-BE54-9A1E7A4F7556}") = "Pares", "..\Pares\Pares.csproj", "{30E94479-16B6-4B9B-BCBB-5E11A149A297}"
EndProject
Project("{9A19103F-16F7-4668-BE54-9A1E7A4F7556}") = "Soma", "..\Soma\Soma.csproj", "{A13A31A8-1AFC-4732-A4CD-C10987E6C6B7}"
EndProject
Project("{9A19103F-16F7-4668-BE54-9A1E7A4F7556}") = "Eleicao", "..\Eleicao\Eleicao.csproj", "{B0FB9D27-DF37-4B6E-BB8B-BE7B42A4D774}"
EndProject
Project("{9A19103F-16F7-4668-BE54-9A1E7A4F7556}") = "PrefeituraSenso", "..\PrefeituraSenso\PrefeituraSenso.csproj", "{24BEDB36-7950-4F6E-88ED-8A919C12E547}"
EndProject
Global
	GlobalSection(SolutionConfigurationPlatforms) = preSolution
		Debug|Any CPU = Debug|Any CPU
		Release|Any CPU = Release|Any CPU
	EndGlobalSection
	GlobalSection(ProjectConfigurationPlatforms) = postSolution
		{848E9014-A1B4-40CD-B64A-E6DDB9099D0E}.Debug|Any CPU.ActiveCfg = Debug|Any CPU
		{848E9014-A1B4-40CD-B64A-E6DDB9099D0E}.Debug|Any CPU.Build.0 = Debug|Any CPU
		{848E9014-A1B4-40CD-B64A-E6DDB9099D0E}.Release|Any CPU.ActiveCfg = Release|Any CPU
		{848E9014-A1B4-40CD-B64A-E6DDB9099D0E}.Release|Any CPU.Build.0 = Release|Any CPU
		{8214C53F-628D-4DB5-A02E-ACCCB85B2911}.Debug|Any CPU.ActiveCfg = Debug|Any CPU
		{8214C53F-628D-4DB5-A02E-ACCCB85B2911}.Debug|Any CPU.Build.0 = Debug|Any CPU
		{8214C53F-628D-4DB5-A02E-ACCCB85B2911}.Release|Any CPU.ActiveCfg = Release|Any CPU
		{8214C53F-628D-4DB5-A02E-ACCCB85B2911}.Release|Any CPU.Build.0 = Release|Any CPU
		{30E94479-16B6-4B9B-BCBB-5E11A149A297}.Debug|Any CPU.ActiveCfg = Debug|Any CPU
		{30E94479-16B6-4B9B-BCBB-5E11A149A297}.Debug|Any CPU.Build.0 = Debug|Any CPU
		{30E94479-16B6-4B9B-BCBB-5E11A149A297}.Release|Any CPU.ActiveCfg = Release|Any CPU
		{30E94479-16B6-4B9B-BCBB-5E11A149A297}.Release|Any CPU.Build.0 = Release|Any CPU
		{A13A31A8-1AFC-4732-A4CD-C10987E6C6B7}.Debug|Any CPU.ActiveCfg = Debug|Any CPU
		{A13A31A8-1AFC-4732-A4CD-C10987E6C6B7}.Debug|Any CPU.Build.0 = Debug|Any CPU
		{A13A31A8-1AFC-4732-A4CD-C10987E6C6B7}.Release|Any CPU.ActiveCfg = Release|Any CPU
		{A13A31A8-1AFC-4732-A4CD-C10987E6C6B7}.Release|Any CPU.Build.0 = Release|Any CPU
		{B0FB9D27-DF37-4B6E-BB8B-BE7B42A4D774}.Debug|Any CPU.ActiveCfg = Debug|Any CPU
		{B0FB9D27-DF37-4B6E-BB8B-BE7B42A4D774}.Debug|Any CPU.Build.0 = Debug|Any CPU
		{B0FB9D27-DF37-4B6E-BB8B-BE7B42A4D774}.Release|Any CPU.ActiveCfg = Release|Any CPU
		{B0FB9D27-DF37-4B6E-BB8B-BE7B42A4D774}.Release|Any CPU.Build.0 = Release|Any CPU
		{24BEDB36-7950-4F6E-88ED-8A919C12E547}.Debug|Any CPU.ActiveCfg = Debug|Any CPU
		{24BEDB36-7950-4F6E-88ED-8A919C12E547}.Debug|Any CPU.Build.0 = Debug|Any CPU
		{24BEDB36-7950-4F6E-88ED-8A919C12E547}.Release|Any CPU.ActiveCfg = Release|Any CPU
		{24BEDB36-7950-4F6E-88ED-8A919C12E547}.Release|Any CPU.Build.0 = Release|Any CPU
	EndGlobalSection
	GlobalSection(SolutionProperties) = preSolution
		HideSolutionNode = FALSE
	EndGlobalSection
	GlobalSection(ExtensibilityGlobals) = postSolution
		SolutionGuid = {5D034B18-8C7D-4C6B-8D2C-EA6127B0E98F}
	EndGlobalSection
EndGlobal
