
Microsoft Visual Studio Solution File, Format Version 12.00
# Visual Studio Version 16
VisualStudioVersion = 16.0.31829.152
MinimumVisualStudioVersion = 10.0.40219.1
Project("{9A19103F-16F7-4668-BE54-9A1E7A4F7556}") = "Carros.cs", "Conceitos\Carros.cs.csproj", "{3FF76964-A1C7-471B-9862-CAF6ACB2AE95}"
EndProject
Project("{9A19103F-16F7-4668-BE54-9A1E7A4F7556}") = "Jogador", "Jogador\Jogador.csproj", "{E0601C67-3A87-4A74-9FAF-4D6DA523B91A}"
EndProject
Project("{9A19103F-16F7-4668-BE54-9A1E7A4F7556}") = "Porta", "Porta\Porta.csproj", "{95F25AD7-EE01-45BD-BCDD-DFEDDCBC5142}"
EndProject
Project("{FAE04EC0-301F-11D3-BF4B-00C04F79EFBC}") = "Banco", "Banco\Banco.csproj", "{A1833C40-E78E-4DFD-B5E1-A42AC7D48361}"
EndProject
Global
	GlobalSection(SolutionConfigurationPlatforms) = preSolution
		Debug|Any CPU = Debug|Any CPU
		Release|Any CPU = Release|Any CPU
	EndGlobalSection
	GlobalSection(ProjectConfigurationPlatforms) = postSolution
		{3FF76964-A1C7-471B-9862-CAF6ACB2AE95}.Debug|Any CPU.ActiveCfg = Debug|Any CPU
		{3FF76964-A1C7-471B-9862-CAF6ACB2AE95}.Debug|Any CPU.Build.0 = Debug|Any CPU
		{3FF76964-A1C7-471B-9862-CAF6ACB2AE95}.Release|Any CPU.ActiveCfg = Release|Any CPU
		{3FF76964-A1C7-471B-9862-CAF6ACB2AE95}.Release|Any CPU.Build.0 = Release|Any CPU
		{E0601C67-3A87-4A74-9FAF-4D6DA523B91A}.Debug|Any CPU.ActiveCfg = Debug|Any CPU
		{E0601C67-3A87-4A74-9FAF-4D6DA523B91A}.Debug|Any CPU.Build.0 = Debug|Any CPU
		{E0601C67-3A87-4A74-9FAF-4D6DA523B91A}.Release|Any CPU.ActiveCfg = Release|Any CPU
		{E0601C67-3A87-4A74-9FAF-4D6DA523B91A}.Release|Any CPU.Build.0 = Release|Any CPU
		{95F25AD7-EE01-45BD-BCDD-DFEDDCBC5142}.Debug|Any CPU.ActiveCfg = Debug|Any CPU
		{95F25AD7-EE01-45BD-BCDD-DFEDDCBC5142}.Debug|Any CPU.Build.0 = Debug|Any CPU
		{95F25AD7-EE01-45BD-BCDD-DFEDDCBC5142}.Release|Any CPU.ActiveCfg = Release|Any CPU
		{95F25AD7-EE01-45BD-BCDD-DFEDDCBC5142}.Release|Any CPU.Build.0 = Release|Any CPU
		{A1833C40-E78E-4DFD-B5E1-A42AC7D48361}.Debug|Any CPU.ActiveCfg = Debug|Any CPU
		{A1833C40-E78E-4DFD-B5E1-A42AC7D48361}.Debug|Any CPU.Build.0 = Debug|Any CPU
		{A1833C40-E78E-4DFD-B5E1-A42AC7D48361}.Release|Any CPU.ActiveCfg = Release|Any CPU
		{A1833C40-E78E-4DFD-B5E1-A42AC7D48361}.Release|Any CPU.Build.0 = Release|Any CPU
	EndGlobalSection
	GlobalSection(SolutionProperties) = preSolution
		HideSolutionNode = FALSE
	EndGlobalSection
	GlobalSection(ExtensibilityGlobals) = postSolution
		SolutionGuid = {559249DF-583A-452F-90DB-D507B0DC8423}
	EndGlobalSection
EndGlobal
